
Microsoft Visual Studio Solution File, Format Version 12.00
# Visual Studio 15
VisualStudioVersion = 15.0.27703.2026
MinimumVisualStudioVersion = 10.0.40219.1
Project("{FAE04EC0-301F-11D3-BF4B-00C04F79EFBC}") = "Card-Games", "Card-Games.csproj", "{EFA8865A-26A4-43CB-B8CF-C2B8A47EFE20}"
EndProject
Global
	GlobalSection(SolutionConfigurationPlatforms) = preSolution
		Debug|Any CPU = Debug|Any CPU
		Release|Any CPU = Release|Any CPU
	EndGlobalSection
	GlobalSection(ProjectConfigurationPlatforms) = postSolution
		{EFA8865A-26A4-43CB-B8CF-C2B8A47EFE20}.Debug|Any CPU.ActiveCfg = Debug|Any CPU
		{EFA8865A-26A4-43CB-B8CF-C2B8A47EFE20}.Debug|Any CPU.Build.0 = Debug|Any CPU
		{EFA8865A-26A4-43CB-B8CF-C2B8A47EFE20}.Release|Any CPU.ActiveCfg = Release|Any CPU
		{EFA8865A-26A4-43CB-B8CF-C2B8A47EFE20}.Release|Any CPU.Build.0 = Release|Any CPU
	EndGlobalSection
	GlobalSection(SolutionProperties) = preSolution
		HideSolutionNode = FALSE
	EndGlobalSection
	GlobalSection(ExtensibilityGlobals) = postSolution
		SolutionGuid = {24D0A00D-6B53-4B36-9FC3-8AF7056A5EC2}
	EndGlobalSection
EndGlobal
